{
  "lib/chainlink-brownie-contracts": {
    "tag": {
      "name": "1.3.0",
      "rev": "5cb41fbc9b525338b6098da5ea7dd0b7e92f89e4"
    }
  },
  "lib/openzeppelin-contracts": {
    "tag": {
      "name": "v5.4.0",
      "rev": "c64a1edb67b6e3f4a15cca8909c9482ad33a02b0"
    }
  },
  "lib/chainlink": {
    "rev": "032d5ca38df9b18ba341799399df7458ffd8de7f"
  },
  "lib/forge-std": {
    "tag": {
      "name": "v1.9.7",
      "rev": "77041d2ce690e692d6e03cc812b57d1ddaa4d505"
    }
  }
}